
Microsoft Visual Studio Solution File, Format Version 12.00
# Visual Studio Version 17
VisualStudioVersion = 17.11.35327.3
MinimumVisualStudioVersion = 10.0.40219.1
Project("{FAE04EC0-301F-11D3-BF4B-00C04F79EFBC}") = "DogApi", "DogApi\DogApi.csproj", "{FA9FC28E-B10F-4CAC-A771-D0F02E385908}"
EndProject
Global
	GlobalSection(SolutionConfigurationPlatforms) = preSolution
		Debug|Any CPU = Debug|Any CPU
		Release|Any CPU = Release|Any CPU
	EndGlobalSection
	GlobalSection(ProjectConfigurationPlatforms) = postSolution
		{FA9FC28E-B10F-4CAC-A771-D0F02E385908}.Debug|Any CPU.ActiveCfg = Debug|Any CPU
		{FA9FC28E-B10F-4CAC-A771-D0F02E385908}.Debug|Any CPU.Build.0 = Debug|Any CPU
		{FA9FC28E-B10F-4CAC-A771-D0F02E385908}.Debug|Any CPU.Deploy.0 = Debug|Any CPU
		{FA9FC28E-B10F-4CAC-A771-D0F02E385908}.Release|Any CPU.ActiveCfg = Release|Any CPU
		{FA9FC28E-B10F-4CAC-A771-D0F02E385908}.Release|Any CPU.Build.0 = Release|Any CPU
		{FA9FC28E-B10F-4CAC-A771-D0F02E385908}.Release|Any CPU.Deploy.0 = Release|Any CPU
	EndGlobalSection
	GlobalSection(SolutionProperties) = preSolution
		HideSolutionNode = FALSE
	EndGlobalSection
	GlobalSection(ExtensibilityGlobals) = postSolution
		SolutionGuid = {FC3C8EC0-DDD0-4EC3-8F6F-968BFAFAE0F7}
	EndGlobalSection
EndGlobal
